hash: a96412a7e681fa8c42e646809bd7131423562a2c4b66d98a92c655c2de76c023
updated: 2017-09-27T17:37:25.482100355+02:00
imports:
- name: github.com/giantswarm/micrologger
  version: 8a69b2ab80ba2d0bd40d609206518fefacfc8fdf
- name: github.com/giantswarm/microstorage
  version: e990a46ff7c9065f8d83c0a649cb1a6ef5d411d7
testImports: []
